
Microsoft Visual Studio Solution File, Format Version 12.00
# Visual Studio Version 16
VisualStudioVersion = 16.0.31129.286
MinimumVisualStudioVersion = 10.0.40219.1
Project("{F184B08F-C81C-45F6-A57F-5ABD9991F28F}") = "Tema3Ejercicio15", "Tema3Ejercicio15\Tema3Ejercicio15.vbproj", "{F6314EAC-AE96-484E-ABA2-F5CB9D253F72}"
EndProject
Global
	GlobalSection(SolutionConfigurationPlatforms) = preSolution
		Debug|Any CPU = Debug|Any CPU
		Release|Any CPU = Release|Any CPU
	EndGlobalSection
	GlobalSection(ProjectConfigurationPlatforms) = postSolution
		{F6314EAC-AE96-484E-ABA2-F5CB9D253F72}.Debug|Any CPU.ActiveCfg = Debug|Any CPU
		{F6314EAC-AE96-484E-ABA2-F5CB9D253F72}.Debug|Any CPU.Build.0 = Debug|Any CPU
		{F6314EAC-AE96-484E-ABA2-F5CB9D253F72}.Release|Any CPU.ActiveCfg = Release|Any CPU
		{F6314EAC-AE96-484E-ABA2-F5CB9D253F72}.Release|Any CPU.Build.0 = Release|Any CPU
	EndGlobalSection
	GlobalSection(SolutionProperties) = preSolution
		HideSolutionNode = FALSE
	EndGlobalSection
	GlobalSection(ExtensibilityGlobals) = postSolution
		SolutionGuid = {4DFB74E8-A486-4155-B34B-8032C5C2D2C5}
	EndGlobalSection
EndGlobal
